{
  "requires": true,
  "lockfileVersion": 1,
  "dependencies": {
    "@statickit/core": {
      "version": "2.2.0",
      "resolved": "https://registry.npmjs.org/@statickit/core/-/core-2.2.0.tgz",
      "integrity": "sha512-cOuI8T/gCSWUp/wGwBud3j+VlVupSWCOlVsSZ1RA5+1AulLcwzpsUAjuA/eM+2nJfrQooWoRVcK0BD/PL7DdIg==",
      "requires": {
        "@types/promise-polyfill": "^6.0.3"
      }
    },
    "@statickit/functions": {
      "version": "github:unstacked/statickit-functions#6978f96c3dcc0249b0b219fefacc05028b501d53",
      "from": "github:unstacked/statickit-functions#00ecbfb1-0ff6-4869-a0c9-6409214be35e",
      "requires": {
        "@statickit/core": "^2.2.0"
      }
    },
    "@types/promise-polyfill": {
      "version": "6.0.3",
      "resolved": "https://registry.npmjs.org/@types/promise-polyfill/-/promise-polyfill-6.0.3.tgz",
      "integrity": "sha512-f/BFgF9a+cgsMseC7rpv9+9TAE3YNjhfYrtwCo/pIeCDDfQtE6PY0b5bao2eIIEpZCBUy8Y5ToXd4ObjPSJuFw=="
    }
  }
}
